Microsoft Visual Studio Solution File, Format Version 11.00
# Visual Studio 2008

Project("{3BB0E9E9-C50C-BA63-2BEF-590205752EBC}") = "AuburnAvenueGame", "Assembly-CSharp.csproj", "{CC105A6A-5999-7B97-BBB3-0A6F64C1982E}"
EndProject
Project("{3BB0E9E9-C50C-BA63-2BEF-590205752EBC}") = "AuburnAvenueGame", "Assembly-CSharp-Editor.csproj", "{B42FD7B9-7238-B9F5-8BDF-852B1117B135}"
EndProject
Project("{3BB0E9E9-C50C-BA63-2BEF-590205752EBC}") = "AuburnAvenueGame", "Assembly-UnityScript-Editor-firstpass.unityproj", "{B54E7733-71E4-B912-5A11-21B05E67A0D2}"
EndProject
Global
	GlobalSection(SolutionConfigurationPlatforms) = preSolution
		Debug|Any CPU = Debug|Any CPU
		Release|Any CPU = Release|Any CPU
	EndGlobalSection
	GlobalSection(ProjectConfigurationPlatforms) = postSolution
		{CC105A6A-5999-7B97-BBB3-0A6F64C1982E}.Debug|Any CPU.ActiveCfg = Debug|Any CPU
		{CC105A6A-5999-7B97-BBB3-0A6F64C1982E}.Debug|Any CPU.Build.0 = Debug|Any CPU
		{CC105A6A-5999-7B97-BBB3-0A6F64C1982E}.Release|Any CPU.ActiveCfg = Release|Any CPU
		{CC105A6A-5999-7B97-BBB3-0A6F64C1982E}.Release|Any CPU.Build.0 = Release|Any CPU
		{B42FD7B9-7238-B9F5-8BDF-852B1117B135}.Debug|Any CPU.ActiveCfg = Debug|Any CPU
		{B42FD7B9-7238-B9F5-8BDF-852B1117B135}.Debug|Any CPU.Build.0 = Debug|Any CPU
		{B42FD7B9-7238-B9F5-8BDF-852B1117B135}.Release|Any CPU.ActiveCfg = Release|Any CPU
		{B42FD7B9-7238-B9F5-8BDF-852B1117B135}.Release|Any CPU.Build.0 = Release|Any CPU
		{B54E7733-71E4-B912-5A11-21B05E67A0D2}.Debug|Any CPU.ActiveCfg = Debug|Any CPU
		{B54E7733-71E4-B912-5A11-21B05E67A0D2}.Debug|Any CPU.Build.0 = Debug|Any CPU
		{B54E7733-71E4-B912-5A11-21B05E67A0D2}.Release|Any CPU.ActiveCfg = Release|Any CPU
		{B54E7733-71E4-B912-5A11-21B05E67A0D2}.Release|Any CPU.Build.0 = Release|Any CPU
	EndGlobalSection
	GlobalSection(SolutionProperties) = preSolution
		HideSolutionNode = FALSE
	EndGlobalSection
																																														GlobalSection(MonoDevelopProperties) = preSolution
		StartupItem = Assembly-CSharp.csproj
		Policies = $0
		$0.TextStylePolicy = $1
		$1.inheritsSet = null
		$1.scope = text/x-csharp
		$0.CSharpFormattingPolicy = $2
		$2.inheritsSet = Mono
		$2.inheritsScope = text/x-csharp
		$2.scope = text/x-csharp
		$0.TextStylePolicy = $3
		$3.FileWidth = 120
		$3.TabWidth = 4
		$3.EolMarker = Unix
		$3.inheritsSet = Mono
		$3.inheritsScope = text/plain
		$3.scope = text/plain
	EndGlobalSection

EndGlobal
